
Microsoft Visual Studio Solution File, Format Version 12.00
# Visual Studio Version 17
VisualStudioVersion = 17.8.34322.80
MinimumVisualStudioVersion = 10.0.40219.1
Project("{9A19103F-16F7-4668-BE54-9A1E7A4F7556}") = "NTierArchitecture.WebAPI", "NTierArchitecture.WebAPI\NTierArchitecture.WebAPI.csproj", "{8C78CD5B-5A98-4DEC-847D-2B87473EDDB1}"
EndProject
Project("{9A19103F-16F7-4668-BE54-9A1E7A4F7556}") = "NTierArchitecture.Entities", "NTierArchitecture.Entities\NTierArchitecture.Entities.csproj", "{B350DD85-87C9-48D5-94BC-002DC3CF07B9}"
EndProject
Project("{FAE04EC0-301F-11D3-BF4B-00C04F79EFBC}") = "NTierArchitecture.DataAccess", "NTierArchitecture.DataAccess\NTierArchitecture.DataAccess.csproj", "{A78B7273-C684-48BD-B5C1-93372940F780}"
EndProject
Project("{FAE04EC0-301F-11D3-BF4B-00C04F79EFBC}") = "NTierArchitecture.Business", "NTierArchitecture.Business\NTierArchitecture.Business.csproj", "{0A1C1240-D2EC-49A5-908D-112FD3B868A0}"
EndProject
Global
	GlobalSection(SolutionConfigurationPlatforms) = preSolution
		Debug|Any CPU = Debug|Any CPU
		Release|Any CPU = Release|Any CPU
	EndGlobalSection
	GlobalSection(ProjectConfigurationPlatforms) = postSolution
		{8C78CD5B-5A98-4DEC-847D-2B87473EDDB1}.Debug|Any CPU.ActiveCfg = Debug|Any CPU
		{8C78CD5B-5A98-4DEC-847D-2B87473EDDB1}.Debug|Any CPU.Build.0 = Debug|Any CPU
		{8C78CD5B-5A98-4DEC-847D-2B87473EDDB1}.Release|Any CPU.ActiveCfg = Release|Any CPU
		{8C78CD5B-5A98-4DEC-847D-2B87473EDDB1}.Release|Any CPU.Build.0 = Release|Any CPU
		{B350DD85-87C9-48D5-94BC-002DC3CF07B9}.Debug|Any CPU.ActiveCfg = Debug|Any CPU
		{B350DD85-87C9-48D5-94BC-002DC3CF07B9}.Debug|Any CPU.Build.0 = Debug|Any CPU
		{B350DD85-87C9-48D5-94BC-002DC3CF07B9}.Release|Any CPU.ActiveCfg = Release|Any CPU
		{B350DD85-87C9-48D5-94BC-002DC3CF07B9}.Release|Any CPU.Build.0 = Release|Any CPU
		{A78B7273-C684-48BD-B5C1-93372940F780}.Debug|Any CPU.ActiveCfg = Debug|Any CPU
		{A78B7273-C684-48BD-B5C1-93372940F780}.Debug|Any CPU.Build.0 = Debug|Any CPU
		{A78B7273-C684-48BD-B5C1-93372940F780}.Release|Any CPU.ActiveCfg = Release|Any CPU
		{A78B7273-C684-48BD-B5C1-93372940F780}.Release|Any CPU.Build.0 = Release|Any CPU
		{0A1C1240-D2EC-49A5-908D-112FD3B868A0}.Debug|Any CPU.ActiveCfg = Debug|Any CPU
		{0A1C1240-D2EC-49A5-908D-112FD3B868A0}.Debug|Any CPU.Build.0 = Debug|Any CPU
		{0A1C1240-D2EC-49A5-908D-112FD3B868A0}.Release|Any CPU.ActiveCfg = Release|Any CPU
		{0A1C1240-D2EC-49A5-908D-112FD3B868A0}.Release|Any CPU.Build.0 = Release|Any CPU
	EndGlobalSection
	GlobalSection(SolutionProperties) = preSolution
		HideSolutionNode = FALSE
	EndGlobalSection
	GlobalSection(ExtensibilityGlobals) = postSolution
		SolutionGuid = {2C9F27A7-6C6A-49EF-B279-15BBB114B965}
	EndGlobalSection
EndGlobal
